
Microsoft Visual Studio Solution File, Format Version 12.00
# Visual Studio 15
Project("{FAE04EC0-301F-11D3-BF4B-00C04F79EFBC}") = "CubeShade", "CubeShade\CubeShade.csproj", "{868F9192-838D-4CF9-9A26-1D63ABDE1FB0}"
EndProject
Global
	GlobalSection(SolutionConfigurationPlatforms) = preSolution
		Debug|Any CPU = Debug|Any CPU
		Release|Any CPU = Release|Any CPU
	EndGlobalSection
	GlobalSection(ProjectConfigurationPlatforms) = postSolution
		{868F9192-838D-4CF9-9A26-1D63ABDE1FB0}.Debug|Any CPU.ActiveCfg = Debug|Any CPU
		{868F9192-838D-4CF9-9A26-1D63ABDE1FB0}.Debug|Any CPU.Build.0 = Debug|Any CPU
		{868F9192-838D-4CF9-9A26-1D63ABDE1FB0}.Release|Any CPU.ActiveCfg = Release|Any CPU
		{868F9192-838D-4CF9-9A26-1D63ABDE1FB0}.Release|Any CPU.Build.0 = Release|Any CPU
	EndGlobalSection
EndGlobal
